
Microsoft Visual Studio Solution File, Format Version 12.00
# Visual Studio Version 17
VisualStudioVersion = 17.6.33927.249
MinimumVisualStudioVersion = 10.0.40219.1
Project("{FAE04EC0-301F-11D3-BF4B-00C04F79EFBC}") = "ClassDemoArvs", "ClassDemoArvs\ClassDemoArvs.csproj", "{6DA0714A-4DD1-473F-95BC-DED88EF1E338}"
EndProject
Global
	GlobalSection(SolutionConfigurationPlatforms) = preSolution
		Debug|Any CPU = Debug|Any CPU
		Release|Any CPU = Release|Any CPU
	EndGlobalSection
	GlobalSection(ProjectConfigurationPlatforms) = postSolution
		{6DA0714A-4DD1-473F-95BC-DED88EF1E338}.Debug|Any CPU.ActiveCfg = Debug|Any CPU
		{6DA0714A-4DD1-473F-95BC-DED88EF1E338}.Debug|Any CPU.Build.0 = Debug|Any CPU
		{6DA0714A-4DD1-473F-95BC-DED88EF1E338}.Release|Any CPU.ActiveCfg = Release|Any CPU
		{6DA0714A-4DD1-473F-95BC-DED88EF1E338}.Release|Any CPU.Build.0 = Release|Any CPU
	EndGlobalSection
	GlobalSection(SolutionProperties) = preSolution
		HideSolutionNode = FALSE
	EndGlobalSection
	GlobalSection(ExtensibilityGlobals) = postSolution
		SolutionGuid = {A301002C-03B1-49C7-875F-016B3C855FD6}
	EndGlobalSection
EndGlobal
